
Microsoft Visual Studio Solution File, Format Version 12.00
# Visual Studio Version 17
VisualStudioVersion = 17.5.33627.172
MinimumVisualStudioVersion = 10.0.40219.1
Project("{9A19103F-16F7-4668-BE54-9A1E7A4F7556}") = "Energy.Marketing", "Energy.Marketing\Energy.Marketing.csproj", "{16EE91EF-A9B2-413C-81F9-B04EF9BE4D4E}"
EndProject
Project("{9A19103F-16F7-4668-BE54-9A1E7A4F7556}") = "Marketing.Models", "Marketing.Models\Marketing.Models.csproj", "{306651A9-DEFC-4998-9E6C-CE9B5162A0B5}"
EndProject
Project("{9A19103F-16F7-4668-BE54-9A1E7A4F7556}") = "Marketing.Helpers", "Marketing.Helpers\Marketing.Helpers.csproj", "{F29C0541-2E31-4B93-A64C-BD284EFD0188}"
EndProject
Project("{FAE04EC0-301F-11D3-BF4B-00C04F79EFBC}") = "Marketing.Shared", "Marketing.Shared\Marketing.Shared.csproj", "{CD7F8C3D-5FA5-45E2-99BD-31B28AB46869}"
EndProject
Global
	GlobalSection(SolutionConfigurationPlatforms) = preSolution
		Debug|Any CPU = Debug|Any CPU
		Release|Any CPU = Release|Any CPU
	EndGlobalSection
	GlobalSection(ProjectConfigurationPlatforms) = postSolution
		{16EE91EF-A9B2-413C-81F9-B04EF9BE4D4E}.Debug|Any CPU.ActiveCfg = Debug|Any CPU
		{16EE91EF-A9B2-413C-81F9-B04EF9BE4D4E}.Debug|Any CPU.Build.0 = Debug|Any CPU
		{16EE91EF-A9B2-413C-81F9-B04EF9BE4D4E}.Release|Any CPU.ActiveCfg = Release|Any CPU
		{16EE91EF-A9B2-413C-81F9-B04EF9BE4D4E}.Release|Any CPU.Build.0 = Release|Any CPU
		{306651A9-DEFC-4998-9E6C-CE9B5162A0B5}.Debug|Any CPU.ActiveCfg = Debug|Any CPU
		{306651A9-DEFC-4998-9E6C-CE9B5162A0B5}.Debug|Any CPU.Build.0 = Debug|Any CPU
		{306651A9-DEFC-4998-9E6C-CE9B5162A0B5}.Release|Any CPU.ActiveCfg = Release|Any CPU
		{306651A9-DEFC-4998-9E6C-CE9B5162A0B5}.Release|Any CPU.Build.0 = Release|Any CPU
		{F29C0541-2E31-4B93-A64C-BD284EFD0188}.Debug|Any CPU.ActiveCfg = Debug|Any CPU
		{F29C0541-2E31-4B93-A64C-BD284EFD0188}.Debug|Any CPU.Build.0 = Debug|Any CPU
		{F29C0541-2E31-4B93-A64C-BD284EFD0188}.Release|Any CPU.ActiveCfg = Release|Any CPU
		{F29C0541-2E31-4B93-A64C-BD284EFD0188}.Release|Any CPU.Build.0 = Release|Any CPU
		{CD7F8C3D-5FA5-45E2-99BD-31B28AB46869}.Debug|Any CPU.ActiveCfg = Debug|Any CPU
		{CD7F8C3D-5FA5-45E2-99BD-31B28AB46869}.Debug|Any CPU.Build.0 = Debug|Any CPU
		{CD7F8C3D-5FA5-45E2-99BD-31B28AB46869}.Release|Any CPU.ActiveCfg = Release|Any CPU
		{CD7F8C3D-5FA5-45E2-99BD-31B28AB46869}.Release|Any CPU.Build.0 = Release|Any CPU
	EndGlobalSection
	GlobalSection(SolutionProperties) = preSolution
		HideSolutionNode = FALSE
	EndGlobalSection
	GlobalSection(ExtensibilityGlobals) = postSolution
		SolutionGuid = {3055649F-2C21-4A95-ACC2-612D7ECA2F4A}
	EndGlobalSection
EndGlobal
